
Microsoft Visual Studio Solution File, Format Version 12.00
# Visual Studio 15
VisualStudioVersion = 15.0.28307.645
MinimumVisualStudioVersion = 10.0.40219.1
Project("{FAE04EC0-301F-11D3-BF4B-00C04F79EFBC}") = "CodeDump1 Draft", "CodeDump1 Draft\CodeDump1 Draft.csproj", "{9697EF85-9B1E-4C1D-BA06-635D232AD1C0}"
EndProject
Global
	GlobalSection(SolutionConfigurationPlatforms) = preSolution
		Debug|Any CPU = Debug|Any CPU
		Release|Any CPU = Release|Any CPU
	EndGlobalSection
	GlobalSection(ProjectConfigurationPlatforms) = postSolution
		{9697EF85-9B1E-4C1D-BA06-635D232AD1C0}.Debug|Any CPU.ActiveCfg = Debug|Any CPU
		{9697EF85-9B1E-4C1D-BA06-635D232AD1C0}.Debug|Any CPU.Build.0 = Debug|Any CPU
		{9697EF85-9B1E-4C1D-BA06-635D232AD1C0}.Release|Any CPU.ActiveCfg = Release|Any CPU
		{9697EF85-9B1E-4C1D-BA06-635D232AD1C0}.Release|Any CPU.Build.0 = Release|Any CPU
	EndGlobalSection
	GlobalSection(SolutionProperties) = preSolution
		HideSolutionNode = FALSE
	EndGlobalSection
	GlobalSection(ExtensibilityGlobals) = postSolution
		SolutionGuid = {05729065-1F0D-49B6-85C0-64F313C052F3}
	EndGlobalSection
EndGlobal
